
Microsoft Visual Studio Solution File, Format Version 12.00
# Visual Studio Version 17
VisualStudioVersion = 17.6.33712.159
MinimumVisualStudioVersion = 10.0.40219.1
Project("{FAE04EC0-301F-11D3-BF4B-00C04F79EFBC}") = "WebApplicationHolaMundoMVC", "WebApplicationHolaMundoMVC.csproj", "{C3B665CC-19F8-4DB3-9C96-BE9F1E57E70C}"
EndProject
Global
	GlobalSection(SolutionConfigurationPlatforms) = preSolution
		Debug|Any CPU = Debug|Any CPU
		Release|Any CPU = Release|Any CPU
	EndGlobalSection
	GlobalSection(ProjectConfigurationPlatforms) = postSolution
		{C3B665CC-19F8-4DB3-9C96-BE9F1E57E70C}.Debug|Any CPU.ActiveCfg = Debug|Any CPU
		{C3B665CC-19F8-4DB3-9C96-BE9F1E57E70C}.Debug|Any CPU.Build.0 = Debug|Any CPU
		{C3B665CC-19F8-4DB3-9C96-BE9F1E57E70C}.Release|Any CPU.ActiveCfg = Release|Any CPU
		{C3B665CC-19F8-4DB3-9C96-BE9F1E57E70C}.Release|Any CPU.Build.0 = Release|Any CPU
	EndGlobalSection
	GlobalSection(SolutionProperties) = preSolution
		HideSolutionNode = FALSE
	EndGlobalSection
	GlobalSection(ExtensibilityGlobals) = postSolution
		SolutionGuid = {059B8EB8-85D3-474D-8499-5A7704C0DB76}
	EndGlobalSection
EndGlobal
